<?xml version="1.0" encoding="utf-8"?>
<Project ToolsVersion="4.0" xmlns="http://schemas.microsoft.com/developer/msbuild/2003">
  <ItemGroup>
    <Filter Include="Vendor">
      <UniqueIdentifier>{76bac2bd-fa80-405a-a9b2-93deff63688e}</UniqueIdentifier>
    </Filter>
    <Filter Include="Vendor\DirectXTK">
      <UniqueIdentifier>{3d691509-18c6-48de-9736-9474bbd30f37}</UniqueIdentifier>
    </Filter>
    <Filter Include="Vendor\ImGui">
      <UniqueIdentifier>{4a8f180f-c660-431d-9323-5e84dd629daa}</UniqueIdentifier>
    </Filter>
    <Filter Include="Vendor\DirectTex">
      <UniqueIdentifier>{f7db4a73-88d8-4c62-8e86-8a99ff8533ba}</UniqueIdentifier>
    </Filter>
    <Filter Include="Vendor\TinyObjLoader">
      <UniqueIdentifier>{c4d81887-85ee-409a-9399-b4f64998c382}</UniqueIdentifier>
    </Filter>
    <Filter Include="Vendor\RapidJSON">
      <UniqueIdentifier>{6ca405e8-34b6-432b-983d-d7c8504c4ce2}</UniqueIdentifier>
    </Filter>
    <Filter Include="Precompile">
      <UniqueIdentifier>{6bdfdff7-a3e6-4d60-9ac4-583325e62915}</UniqueIdentifier>
    </Filter>
    <Filter Include="Engine">
      <UniqueIdentifier>{d06741c3-947e-4976-aea0-186b26b5a32e}</UniqueIdentifier>
    </Filter>
    <Filter Include="Engine\Graphics">
      <UniqueIdentifier>{612db928-bbc8-4631-ba35-d3a080aa028f}</UniqueIdentifier>
    </Filter>
    <Filter Include="Engine\Graphics\ConstantBuffer">
      <UniqueIdentifier>{0ab9c443-3972-4cf0-ab40-596d3b3c9572}</UniqueIdentifier>
    </Filter>
    <Filter Include="Engine\Graphics\IndexBuffer">
      <UniqueIdentifier>{0efd487e-0a0f-4997-9426-7d29c0033078}</UniqueIdentifier>
    </Filter>
    <Filter Include="Engine\Graphics\DeviceContext">
      <UniqueIdentifier>{6df67621-14ca-41e8-8099-588885bf27ce}</UniqueIdentifier>
    </Filter>
    <Filter Include="Engine\Graphics\PixelShader">
      <UniqueIdentifier>{52f42d94-11a0-45e4-8016-5f1042310647}</UniqueIdentifier>
    </Filter>
    <Filter Include="Engine\Graphics\SwapChain">
      <UniqueIdentifier>{3175d48d-8551-4fe5-9e4a-20ba153f707c}</UniqueIdentifier>
    </Filter>
    <Filter Include="Engine\Graphics\VertexBuffer">
      <UniqueIdentifier>{53c8d5b3-12ce-426f-8327-294ef9c4f5cc}</UniqueIdentifier>
    </Filter>
    <Filter Include="Engine\Graphics\VertexShader">
      <UniqueIdentifier>{7e1f029c-f349-4318-8be1-8fc7482ad22b}</UniqueIdentifier>
    </Filter>
    <Filter Include="Engine\Math">
      <UniqueIdentifier>{333bdae1-ac82-4635-9138-32826166afd7}</UniqueIdentifier>
    </Filter>
    <Filter Include="Engine\Math\Matrix">
      <UniqueIdentifier>{aa7c79e9-1952-4b5b-aa05-5f0b6ae17a20}</UniqueIdentifier>
    </Filter>
    <Filter Include="Engine\Math\Vector">
      <UniqueIdentifier>{f43bb409-2646-4ffd-a024-7f707cdf6df4}</UniqueIdentifier>
    </Filter>
    <Filter Include="Engine\Math\Point">
      <UniqueIdentifier>{5d1e499a-addd-4ad1-8ab8-07843e42bab7}</UniqueIdentifier>
    </Filter>
    <Filter Include="Engine\Math\VertexMesh">
      <UniqueIdentifier>{2e1c0397-d4a8-4235-b1ab-0d0bdaa89a0e}</UniqueIdentifier>
    </Filter>
    <Filter Include="Engine\Math\Rect">
      <UniqueIdentifier>{668cce69-342f-4f9f-834d-37bb33d54cc1}</UniqueIdentifier>
    </Filter>
    <Filter Include="Engine\Resource">
      <UniqueIdentifier>{edcf136c-f2b2-4315-b25c-ef55ed045887}</UniqueIdentifier>
    </Filter>
    <Filter Include="Engine\Resource\Texture">
      <UniqueIdentifier>{9a34065f-f7db-46b9-8356-8d655212146c}</UniqueIdentifier>
    </Filter>
    <Filter Include="Engine\Resource\Mesh">
      <UniqueIdentifier>{5c94d905-bf92-4010-a1f6-f9b7ff852366}</UniqueIdentifier>
    </Filter>
    <Filter Include="Engine\Resource\Material">
      <UniqueIdentifier>{65aa310e-7f7e-4353-a523-daeaf32bece4}</UniqueIdentifier>
    </Filter>
    <Filter Include="Engine\Resource\Sprite">
      <UniqueIdentifier>{bb556efd-271c-4c3f-af7d-877dc5b48ead}</UniqueIdentifier>
    </Filter>
    <Filter Include="Engine\Window">
      <UniqueIdentifier>{ee8e0171-5419-4241-9edb-6f3c6913e6ed}</UniqueIdentifier>
    </Filter>
    <Filter Include="Engine\Shader">
      <UniqueIdentifier>{103396ba-db9b-45fc-9eee-5d48363bb8e4}</UniqueIdentifier>
    </Filter>
    <Filter Include="Engine\Shader\Global">
      <UniqueIdentifier>{c584759e-c2c4-4ac0-a53d-ce4cece3e5c1}</UniqueIdentifier>
    </Filter>
    <Filter Include="Engine\Shader\Global\DirectionalLight">
      <UniqueIdentifier>{93527474-8eae-4ee9-a673-66deba0d5326}</UniqueIdentifier>
    </Filter>
    <Filter Include="Engine\Shader\Global\SkyBox">
      <UniqueIdentifier>{d1887272-d035-4920-9af7-5a21c5581f26}</UniqueIdentifier>
    </Filter>
    <Filter Include="Engine\Shader\Global\PointLight">
      <UniqueIdentifier>{c55715cf-12e1-4c7f-ad54-92020c94876d}</UniqueIdentifier>
    </Filter>
    <Filter Include="Engine\Shader\Global\UI">
      <UniqueIdentifier>{9f962152-02d9-4a0d-8c19-7aa1cfd11cf3}</UniqueIdentifier>
    </Filter>
    <Filter Include="Engine\Shader\Global\DirectionalLightBump">
      <UniqueIdentifier>{9ebe87ed-2683-41cd-a655-6cf4b58f7d5d}</UniqueIdentifier>
    </Filter>
    <Filter Include="Engine\Shader\Global\PostProcessEffect">
      <UniqueIdentifier>{4de5afd8-061b-4c68-b4c4-1531123bba15}</UniqueIdentifier>
    </Filter>
    <Filter Include="Engine\Shader\VertexMeshLayout">
      <UniqueIdentifier>{297ef8bd-8a7f-4b8c-a771-7640fec2165b}</UniqueIdentifier>
    </Filter>
    <Filter Include="Engine\Sound">
      <UniqueIdentifier>{f65fae06-9d98-47dc-b01a-00c581e9d15a}</UniqueIdentifier>
    </Filter>
    <Filter Include="Engine\Input">
      <UniqueIdentifier>{d00bff5e-494f-4d83-9caf-bf9b7b02f99d}</UniqueIdentifier>
    </Filter>
    <Filter Include="Engine\Timer">
      <UniqueIdentifier>{633e1f38-1977-49e2-97d0-008cdcb9da80}</UniqueIdentifier>
    </Filter>
    <Filter Include="Engine\Shader\Default">
      <UniqueIdentifier>{53860061-397c-495d-8763-cdcc8eb79f50}</UniqueIdentifier>
    </Filter>
    <Filter Include="Engine\Graphics\Texture2D">
      <UniqueIdentifier>{786a0fbf-a9ec-4e2e-9f1f-e89d95027476}</UniqueIdentifier>
    </Filter>
    <Filter Include="Engine\Display">
      <UniqueIdentifier>{f4bcc7b9-0c02-43e8-bdec-fa8ba378143b}</UniqueIdentifier>
    </Filter>
    <Filter Include="Engine\App">
      <UniqueIdentifier>{18ca733d-895f-4ed0-b076-d40c9c00a3f1}</UniqueIdentifier>
    </Filter>
  </ItemGroup>
  <ItemGroup>
    <ClInclude Include="Engine.h">
      <Filter>Engine</Filter>
    </ClInclude>
    <ClInclude Include="Graphics.h">
      <Filter>Engine\Graphics</Filter>
    </ClInclude>
    <ClInclude Include="ConstantBuffer.h">
      <Filter>Engine\Graphics\ConstantBuffer</Filter>
    </ClInclude>
    <ClInclude Include="IndexBuffer.h">
      <Filter>Engine\Graphics\IndexBuffer</Filter>
    </ClInclude>
    <ClInclude Include="PixelShader.h">
      <Filter>Engine\Graphics\PixelShader</Filter>
    </ClInclude>
    <ClInclude Include="SwapChain.h">
      <Filter>Engine\Graphics\SwapChain</Filter>
    </ClInclude>
    <ClInclude Include="DeviceContext.h">
      <Filter>Engine\Graphics\DeviceContext</Filter>
    </ClInclude>
    <ClInclude Include="VertexBuffer.h">
      <Filter>Engine\Graphics\VertexBuffer</Filter>
    </ClInclude>
    <ClInclude Include="VertexShader.h">
      <Filter>Engine\Graphics\VertexShader</Filter>
    </ClInclude>
    <ClInclude Include="Vector2.h">
      <Filter>Engine\Math\Vector</Filter>
    </ClInclude>
    <ClInclude Include="Vector3.h">
      <Filter>Engine\Math\Vector</Filter>
    </ClInclude>
    <ClInclude Include="Vector4.h">
      <Filter>Engine\Math\Vector</Filter>
    </ClInclude>
    <ClInclude Include="Point.h">
      <Filter>Engine\Math\Point</Filter>
    </ClInclude>
    <ClInclude Include="Matrix4x4.h">
      <Filter>Engine\Math\Matrix</Filter>
    </ClInclude>
    <ClInclude Include="ResourceManager.h">
      <Filter>Engine\Resource</Filter>
    </ClInclude>
    <ClInclude Include="Resource.h">
      <Filter>Engine\Resource</Filter>
    </ClInclude>
    <ClInclude Include="pch.h">
      <Filter>Precompile</Filter>
    </ClInclude>
    <ClInclude Include="Precompile.h">
      <Filter>Precompile</Filter>
    </ClInclude>
    <ClInclude Include="Mesh.h">
      <Filter>Engine\Resource\Mesh</Filter>
    </ClInclude>
    <ClInclude Include="Input.h">
      <Filter>Engine\Input</Filter>
    </ClInclude>
    <ClInclude Include="Window.h">
      <Filter>Engine\Window</Filter>
    </ClInclude>
    <ClInclude Include="..\Include\DirectXTex\DirectXTex.h">
      <Filter>Vendor\DirectTex</Filter>
    </ClInclude>
    <ClInclude Include="..\Include\DirectXTK\Audio.h">
      <Filter>Vendor\DirectXTK</Filter>
    </ClInclude>
    <ClInclude Include="..\Include\DirectXTK\BufferHelpers.h">
      <Filter>Vendor\DirectXTK</Filter>
    </ClInclude>
    <ClInclude Include="..\Include\DirectXTK\CommonStates.h">
      <Filter>Vendor\DirectXTK</Filter>
    </ClInclude>
    <ClInclude Include="..\Include\DirectXTK\DDSTextureLoader.h">
      <Filter>Vendor\DirectXTK</Filter>
    </ClInclude>
    <ClInclude Include="..\Include\DirectXTK\DirectXHelpers.h">
      <Filter>Vendor\DirectXTK</Filter>
    </ClInclude>
    <ClInclude Include="..\Include\DirectXTK\Effects.h">
      <Filter>Vendor\DirectXTK</Filter>
    </ClInclude>
    <ClInclude Include="..\Include\DirectXTK\GamePad.h">
      <Filter>Vendor\DirectXTK</Filter>
    </ClInclude>
    <ClInclude Include="..\Include\DirectXTK\GeometricPrimitive.h">
      <Filter>Vendor\DirectXTK</Filter>
    </ClInclude>
    <ClInclude Include="..\Include\DirectXTK\GraphicsMemory.h">
      <Filter>Vendor\DirectXTK</Filter>
    </ClInclude>
    <ClInclude Include="..\Include\DirectXTK\Keyboard.h">
      <Filter>Vendor\DirectXTK</Filter>
    </ClInclude>
    <ClInclude Include="..\Include\DirectXTK\Model.h">
      <Filter>Vendor\DirectXTK</Filter>
    </ClInclude>
    <ClInclude Include="..\Include\DirectXTK\Mouse.h">
      <Filter>Vendor\DirectXTK</Filter>
    </ClInclude>
    <ClInclude Include="..\Include\DirectXTK\PostProcess.h">
      <Filter>Vendor\DirectXTK</Filter>
    </ClInclude>
    <ClInclude Include="..\Include\DirectXTK\PrimitiveBatch.h">
      <Filter>Vendor\DirectXTK</Filter>
    </ClInclude>
    <ClInclude Include="..\Include\DirectXTK\ScreenGrab.h">
      <Filter>Vendor\DirectXTK</Filter>
    </ClInclude>
    <ClInclude Include="..\Include\DirectXTK\SimpleMath.h">
      <Filter>Vendor\DirectXTK</Filter>
    </ClInclude>
    <ClInclude Include="..\Include\DirectXTK\SpriteBatch.h">
      <Filter>Vendor\DirectXTK</Filter>
    </ClInclude>
    <ClInclude Include="..\Include\DirectXTK\SpriteFont.h">
      <Filter>Vendor\DirectXTK</Filter>
    </ClInclude>
    <ClInclude Include="..\Include\DirectXTK\VertexTypes.h">
      <Filter>Vendor\DirectXTK</Filter>
    </ClInclude>
    <ClInclude Include="..\Include\DirectXTK\WICTextureLoader.h">
      <Filter>Vendor\DirectXTK</Filter>
    </ClInclude>
    <ClInclude Include="..\Include\DirectXTK\XboxDDSTextureLoader.h">
      <Filter>Vendor\DirectXTK</Filter>
    </ClInclude>
    <ClInclude Include="..\Include\TinyObjLoader\tiny_obj_loader.h">
      <Filter>Vendor\TinyObjLoader</Filter>
    </ClInclude>
    <ClInclude Include="..\..\Include\ImGui\imstb_truetype.h">
      <Filter>Vendor\ImGui</Filter>
    </ClInclude>
    <ClInclude Include="..\..\Include\ImGui\imconfig.h">
      <Filter>Vendor\ImGui</Filter>
    </ClInclude>
    <ClInclude Include="..\..\Include\ImGui\imgui.h">
      <Filter>Vendor\ImGui</Filter>
    </ClInclude>
    <ClInclude Include="..\..\Include\ImGui\imgui_impl_dx11.h">
      <Filter>Vendor\ImGui</Filter>
    </ClInclude>
    <ClInclude Include="..\..\Include\ImGui\imgui_impl_win32.h">
      <Filter>Vendor\ImGui</Filter>
    </ClInclude>
    <ClInclude Include="..\..\Include\ImGui\imgui_internal.h">
      <Filter>Vendor\ImGui</Filter>
    </ClInclude>
    <ClInclude Include="..\..\Include\ImGui\imstb_rectpack.h">
      <Filter>Vendor\ImGui</Filter>
    </ClInclude>
    <ClInclude Include="..\..\Include\ImGui\imstb_textedit.h">
      <Filter>Vendor\ImGui</Filter>
    </ClInclude>
    <ClInclude Include="..\..\Include\RapidJSON\rapidjson.h">
      <Filter>Vendor\RapidJSON</Filter>
    </ClInclude>
    <ClInclude Include="..\..\Include\RapidJSON\reader.h">
      <Filter>Vendor\RapidJSON</Filter>
    </ClInclude>
    <ClInclude Include="..\..\Include\RapidJSON\schema.h">
      <Filter>Vendor\RapidJSON</Filter>
    </ClInclude>
    <ClInclude Include="..\..\Include\RapidJSON\stream.h">
      <Filter>Vendor\RapidJSON</Filter>
    </ClInclude>
    <ClInclude Include="..\..\Include\RapidJSON\stringbuffer.h">
      <Filter>Vendor\RapidJSON</Filter>
    </ClInclude>
    <ClInclude Include="..\..\Include\RapidJSON\uri.h">
      <Filter>Vendor\RapidJSON</Filter>
    </ClInclude>
    <ClInclude Include="..\..\Include\RapidJSON\writer.h">
      <Filter>Vendor\RapidJSON</Filter>
    </ClInclude>
    <ClInclude Include="..\..\Include\RapidJSON\error\en.h">
      <Filter>Vendor\RapidJSON</Filter>
    </ClInclude>
    <ClInclude Include="..\..\Include\RapidJSON\error\error.h">
      <Filter>Vendor\RapidJSON</Filter>
    </ClInclude>
    <ClInclude Include="..\..\Include\RapidJSON\internal\biginteger.h">
      <Filter>Vendor\RapidJSON</Filter>
    </ClInclude>
    <ClInclude Include="..\..\Include\RapidJSON\internal\clzll.h">
      <Filter>Vendor\RapidJSON</Filter>
    </ClInclude>
    <ClInclude Include="..\..\Include\RapidJSON\internal\diyfp.h">
      <Filter>Vendor\RapidJSON</Filter>
    </ClInclude>
    <ClInclude Include="..\..\Include\RapidJSON\internal\dtoa.h">
      <Filter>Vendor\RapidJSON</Filter>
    </ClInclude>
    <ClInclude Include="..\..\Include\RapidJSON\internal\ieee754.h">
      <Filter>Vendor\RapidJSON</Filter>
    </ClInclude>
    <ClInclude Include="..\..\Include\RapidJSON\internal\itoa.h">
      <Filter>Vendor\RapidJSON</Filter>
    </ClInclude>
    <ClInclude Include="..\..\Include\RapidJSON\internal\meta.h">
      <Filter>Vendor\RapidJSON</Filter>
    </ClInclude>
    <ClInclude Include="..\..\Include\RapidJSON\internal\pow10.h">
      <Filter>Vendor\RapidJSON</Filter>
    </ClInclude>
    <ClInclude Include="..\..\Include\RapidJSON\internal\regex.h">
      <Filter>Vendor\RapidJSON</Filter>
    </ClInclude>
    <ClInclude Include="..\..\Include\RapidJSON\internal\stack.h">
      <Filter>Vendor\RapidJSON</Filter>
    </ClInclude>
    <ClInclude Include="..\..\Include\RapidJSON\internal\strfunc.h">
      <Filter>Vendor\RapidJSON</Filter>
    </ClInclude>
    <ClInclude Include="..\..\Include\RapidJSON\internal\strtod.h">
      <Filter>Vendor\RapidJSON</Filter>
    </ClInclude>
    <ClInclude Include="..\..\Include\RapidJSON\internal\swap.h">
      <Filter>Vendor\RapidJSON</Filter>
    </ClInclude>
    <ClInclude Include="..\..\Include\RapidJSON\msinttypes\inttypes.h">
      <Filter>Vendor\RapidJSON</Filter>
    </ClInclude>
    <ClInclude Include="..\..\Include\RapidJSON\msinttypes\stdint.h">
      <Filter>Vendor\RapidJSON</Filter>
    </ClInclude>
    <ClInclude Include="..\..\Include\RapidJSON\allocators.h">
      <Filter>Vendor\RapidJSON</Filter>
    </ClInclude>
    <ClInclude Include="..\..\Include\RapidJSON\cursorstreamwrapper.h">
      <Filter>Vendor\RapidJSON</Filter>
    </ClInclude>
    <ClInclude Include="..\..\Include\RapidJSON\document.h">
      <Filter>Vendor\RapidJSON</Filter>
    </ClInclude>
    <ClInclude Include="..\..\Include\RapidJSON\encodedstream.h">
      <Filter>Vendor\RapidJSON</Filter>
    </ClInclude>
    <ClInclude Include="..\..\Include\RapidJSON\encodings.h">
      <Filter>Vendor\RapidJSON</Filter>
    </ClInclude>
    <ClInclude Include="..\..\Include\RapidJSON\filereadstream.h">
      <Filter>Vendor\RapidJSON</Filter>
    </ClInclude>
    <ClInclude Include="..\..\Include\RapidJSON\filewritestream.h">
      <Filter>Vendor\RapidJSON</Filter>
    </ClInclude>
    <ClInclude Include="..\..\Include\RapidJSON\fwd.h">
      <Filter>Vendor\RapidJSON</Filter>
    </ClInclude>
    <ClInclude Include="..\..\Include\RapidJSON\istreamwrapper.h">
      <Filter>Vendor\RapidJSON</Filter>
    </ClInclude>
    <ClInclude Include="..\..\Include\RapidJSON\memorybuffer.h">
      <Filter>Vendor\RapidJSON</Filter>
    </ClInclude>
    <ClInclude Include="..\..\Include\RapidJSON\memorystream.h">
      <Filter>Vendor\RapidJSON</Filter>
    </ClInclude>
    <ClInclude Include="..\..\Include\RapidJSON\ostreamwrapper.h">
      <Filter>Vendor\RapidJSON</Filter>
    </ClInclude>
    <ClInclude Include="..\..\Include\RapidJSON\pointer.h">
      <Filter>Vendor\RapidJSON</Filter>
    </ClInclude>
    <ClInclude Include="..\..\Include\RapidJSON\prettywriter.h">
      <Filter>Vendor\RapidJSON</Filter>
    </ClInclude>
    <ClInclude Include="Timer.h">
      <Filter>Engine\Timer</Filter>
    </ClInclude>
    <ClInclude Include="VertexMesh.h">
      <Filter>Engine\Math\VertexMesh</Filter>
    </ClInclude>
    <ClInclude Include="Material.h">
      <Filter>Engine\Resource\Material</Filter>
    </ClInclude>
    <ClInclude Include="Sprite.h">
      <Filter>Engine\Resource\Sprite</Filter>
    </ClInclude>
    <ClInclude Include="MathUtils.h">
      <Filter>Engine\Math</Filter>
    </ClInclude>
    <ClInclude Include="Rect.h">
      <Filter>Engine\Math\Rect</Filter>
    </ClInclude>
    <ClInclude Include="Sound.h">
      <Filter>Engine\Sound</Filter>
    </ClInclude>
    <ClInclude Include="Texture.h">
      <Filter>Engine\Resource\Texture</Filter>
    </ClInclude>
    <ClInclude Include="Texture2D.h">
      <Filter>Engine\Graphics\Texture2D</Filter>
    </ClInclude>
    <ClInclude Include="Display.h">
      <Filter>Engine\Display</Filter>
    </ClInclude>
    <ClInclude Include="App.h">
      <Filter>Engine\App</Filter>
    </ClInclude>
  </ItemGroup>
  <ItemGroup>
    <ClCompile Include="Engine.cpp">
      <Filter>Engine</Filter>
    </ClCompile>
    <ClCompile Include="Graphics.cpp">
      <Filter>Engine\Graphics</Filter>
    </ClCompile>
    <ClCompile Include="ConstantBuffer.cpp">
      <Filter>Engine\Graphics\ConstantBuffer</Filter>
    </ClCompile>
    <ClCompile Include="IndexBuffer.cpp">
      <Filter>Engine\Graphics\IndexBuffer</Filter>
    </ClCompile>
    <ClCompile Include="PixelShader.cpp">
      <Filter>Engine\Graphics\PixelShader</Filter>
    </ClCompile>
    <ClCompile Include="SwapChain.cpp">
      <Filter>Engine\Graphics\SwapChain</Filter>
    </ClCompile>
    <ClCompile Include="DeviceContext.cpp">
      <Filter>Engine\Graphics\DeviceContext</Filter>
    </ClCompile>
    <ClCompile Include="VertexBuffer.cpp">
      <Filter>Engine\Graphics\VertexBuffer</Filter>
    </ClCompile>
    <ClCompile Include="VertexShader.cpp">
      <Filter>Engine\Graphics\VertexShader</Filter>
    </ClCompile>
    <ClCompile Include="Vector2.cpp">
      <Filter>Engine\Math\Vector</Filter>
    </ClCompile>
    <ClCompile Include="Vector3.cpp">
      <Filter>Engine\Math\Vector</Filter>
    </ClCompile>
    <ClCompile Include="Vector4.cpp">
      <Filter>Engine\Math\Vector</Filter>
    </ClCompile>
    <ClCompile Include="Point.cpp">
      <Filter>Engine\Math\Point</Filter>
    </ClCompile>
    <ClCompile Include="Matrix4x4.cpp">
      <Filter>Engine\Math\Matrix</Filter>
    </ClCompile>
    <ClCompile Include="Resource.cpp">
      <Filter>Engine\Resource</Filter>
    </ClCompile>
    <ClCompile Include="ResourceManager.cpp">
      <Filter>Engine\Resource</Filter>
    </ClCompile>
    <ClCompile Include="pch.cpp">
      <Filter>Precompile</Filter>
    </ClCompile>
    <ClCompile Include="Mesh.cpp">
      <Filter>Engine\Resource\Mesh</Filter>
    </ClCompile>
    <ClCompile Include="Input.cpp">
      <Filter>Engine\Input</Filter>
    </ClCompile>
    <ClCompile Include="Window.cpp">
      <Filter>Engine\Window</Filter>
    </ClCompile>
    <ClCompile Include="..\..\Include\ImGui\imgui.cpp">
      <Filter>Vendor\ImGui</Filter>
    </ClCompile>
    <ClCompile Include="..\..\Include\ImGui\imgui_demo.cpp">
      <Filter>Vendor\ImGui</Filter>
    </ClCompile>
    <ClCompile Include="..\..\Include\ImGui\imgui_draw.cpp">
      <Filter>Vendor\ImGui</Filter>
    </ClCompile>
    <ClCompile Include="..\..\Include\ImGui\imgui_impl_dx11.cpp">
      <Filter>Vendor\ImGui</Filter>
    </ClCompile>
    <ClCompile Include="..\..\Include\ImGui\imgui_impl_win32.cpp">
      <Filter>Vendor\ImGui</Filter>
    </ClCompile>
    <ClCompile Include="..\..\Include\ImGui\imgui_tables.cpp">
      <Filter>Vendor\ImGui</Filter>
    </ClCompile>
    <ClCompile Include="..\..\Include\ImGui\imgui_widgets.cpp">
      <Filter>Vendor\ImGui</Filter>
    </ClCompile>
    <ClCompile Include="Timer.cpp">
      <Filter>Engine\Timer</Filter>
    </ClCompile>
    <ClCompile Include="VertexMesh.cpp">
      <Filter>Engine\Math\VertexMesh</Filter>
    </ClCompile>
    <ClCompile Include="Material.cpp">
      <Filter>Engine\Resource\Material</Filter>
    </ClCompile>
    <ClCompile Include="Sprite.cpp">
      <Filter>Engine\Resource\Sprite</Filter>
    </ClCompile>
    <ClCompile Include="Rect.cpp">
      <Filter>Engine\Math\Rect</Filter>
    </ClCompile>
    <ClCompile Include="Sound.cpp">
      <Filter>Engine\Sound</Filter>
    </ClCompile>
    <ClCompile Include="Texture.cpp">
      <Filter>Engine\Resource\Texture</Filter>
    </ClCompile>
    <ClCompile Include="Texture2D.cpp">
      <Filter>Engine\Graphics\Texture2D</Filter>
    </ClCompile>
    <ClCompile Include="Display.cpp">
      <Filter>Engine\Display</Filter>
    </ClCompile>
    <ClCompile Include="App.cpp">
      <Filter>Engine\App</Filter>
    </ClCompile>
  </ItemGroup>
  <ItemGroup>
    <FxCompile Include="SkyBoxPixelShader.hlsl">
      <Filter>Engine\Shader\Global\SkyBox</Filter>
    </FxCompile>
    <FxCompile Include="PointLightVertexShader.hlsl">
      <Filter>Engine\Shader\Global\PointLight</Filter>
    </FxCompile>
    <FxCompile Include="PointLightPixelShader.hlsl">
      <Filter>Engine\Shader\Global\PointLight</Filter>
    </FxCompile>
    <FxCompile Include="DirectionalLightVertexShader.hlsl">
      <Filter>Engine\Shader\Global\DirectionalLight</Filter>
    </FxCompile>
    <FxCompile Include="DirectionalLightPixelShader.hlsl">
      <Filter>Engine\Shader\Global\DirectionalLight</Filter>
    </FxCompile>
    <FxCompile Include="SkyBoxVertexShader.hlsl">
      <Filter>Engine\Shader\Global\SkyBox</Filter>
    </FxCompile>
    <FxCompile Include="UIVertexShader.hlsl">
      <Filter>Engine\Shader\Global\UI</Filter>
    </FxCompile>
    <FxCompile Include="UIPixelShader.hlsl">
      <Filter>Engine\Shader\Global\UI</Filter>
    </FxCompile>
    <FxCompile Include="DirectionalLightBumpVertexShader.hlsl">
      <Filter>Engine\Shader\Global\DirectionalLightBump</Filter>
    </FxCompile>
    <FxCompile Include="DirectionalLightBumpPixelShader.hlsl">
      <Filter>Engine\Shader\Global\DirectionalLightBump</Filter>
    </FxCompile>
    <FxCompile Include="PostProcessVertexShader.hlsl">
      <Filter>Engine\Shader\Global\PostProcessEffect</Filter>
    </FxCompile>
    <FxCompile Include="DistortionEffect.hlsl">
      <Filter>Engine\Shader\Global\PostProcessEffect</Filter>
    </FxCompile>
  </ItemGroup>
  <ItemGroup>
    <None Include="DefaultShader.hlsl">
      <Filter>Engine\Shader\Default</Filter>
    </None>
    <None Include="VertexMeshLayoutShader.hlsl">
      <Filter>Engine\Shader\VertexMeshLayout</Filter>
    </None>
  </ItemGroup>
</Project>