<?xml version="1.0" encoding="utf-8"?>
<Project ToolsVersion="4.0" xmlns="http://schemas.microsoft.com/developer/msbuild/2003">
  <ItemGroup>
    <Filter Include="Vendor">
      <UniqueIdentifier>{76bac2bd-fa80-405a-a9b2-93deff63688e}</UniqueIdentifier>
    </Filter>
    <Filter Include="Vendor\DirectXTK">
      <UniqueIdentifier>{3d691509-18c6-48de-9736-9474bbd30f37}</UniqueIdentifier>
    </Filter>
    <Filter Include="Vendor\ImGui">
      <UniqueIdentifier>{4a8f180f-c660-431d-9323-5e84dd629daa}</UniqueIdentifier>
    </Filter>
    <Filter Include="Vendor\DirectTex">
      <UniqueIdentifier>{f7db4a73-88d8-4c62-8e86-8a99ff8533ba}</UniqueIdentifier>
    </Filter>
    <Filter Include="Vendor\TinyObjLoader">
      <UniqueIdentifier>{c4d81887-85ee-409a-9399-b4f64998c382}</UniqueIdentifier>
    </Filter>
    <Filter Include="Vendor\RapidJSON">
      <UniqueIdentifier>{6ca405e8-34b6-432b-983d-d7c8504c4ce2}</UniqueIdentifier>
    </Filter>
    <Filter Include="Precompile">
      <UniqueIdentifier>{6bdfdff7-a3e6-4d60-9ac4-583325e62915}</UniqueIdentifier>
    </Filter>
    <Filter Include="Engine">
      <UniqueIdentifier>{d06741c3-947e-4976-aea0-186b26b5a32e}</UniqueIdentifier>
    </Filter>
    <Filter Include="Engine\Math">
      <UniqueIdentifier>{333bdae1-ac82-4635-9138-32826166afd7}</UniqueIdentifier>
    </Filter>
    <Filter Include="Engine\Math\Matrix">
      <UniqueIdentifier>{aa7c79e9-1952-4b5b-aa05-5f0b6ae17a20}</UniqueIdentifier>
    </Filter>
    <Filter Include="Engine\Math\Vector">
      <UniqueIdentifier>{f43bb409-2646-4ffd-a024-7f707cdf6df4}</UniqueIdentifier>
    </Filter>
    <Filter Include="Engine\Math\Point">
      <UniqueIdentifier>{5d1e499a-addd-4ad1-8ab8-07843e42bab7}</UniqueIdentifier>
    </Filter>
    <Filter Include="Engine\Math\VertexMesh">
      <UniqueIdentifier>{2e1c0397-d4a8-4235-b1ab-0d0bdaa89a0e}</UniqueIdentifier>
    </Filter>
    <Filter Include="Engine\Math\Rect">
      <UniqueIdentifier>{668cce69-342f-4f9f-834d-37bb33d54cc1}</UniqueIdentifier>
    </Filter>
    <Filter Include="Engine\Window">
      <UniqueIdentifier>{ee8e0171-5419-4241-9edb-6f3c6913e6ed}</UniqueIdentifier>
    </Filter>
    <Filter Include="Engine\App">
      <UniqueIdentifier>{18ca733d-895f-4ed0-b076-d40c9c00a3f1}</UniqueIdentifier>
    </Filter>
    <Filter Include="Engine\App\Input">
      <UniqueIdentifier>{d00bff5e-494f-4d83-9caf-bf9b7b02f99d}</UniqueIdentifier>
    </Filter>
    <Filter Include="Engine\App\Graphics">
      <UniqueIdentifier>{ca7be27e-e60b-48c4-b866-ec36b3b9b6b1}</UniqueIdentifier>
    </Filter>
    <Filter Include="Engine\App\Graphics\Renderer">
      <UniqueIdentifier>{612db928-bbc8-4631-ba35-d3a080aa028f}</UniqueIdentifier>
    </Filter>
    <Filter Include="Engine\App\Graphics\Renderer\ConstantBuffer">
      <UniqueIdentifier>{0ab9c443-3972-4cf0-ab40-596d3b3c9572}</UniqueIdentifier>
    </Filter>
    <Filter Include="Engine\App\Graphics\Renderer\IndexBuffer">
      <UniqueIdentifier>{0efd487e-0a0f-4997-9426-7d29c0033078}</UniqueIdentifier>
    </Filter>
    <Filter Include="Engine\App\Graphics\Renderer\DeviceContext">
      <UniqueIdentifier>{6df67621-14ca-41e8-8099-588885bf27ce}</UniqueIdentifier>
    </Filter>
    <Filter Include="Engine\App\Graphics\Renderer\PixelShader">
      <UniqueIdentifier>{52f42d94-11a0-45e4-8016-5f1042310647}</UniqueIdentifier>
    </Filter>
    <Filter Include="Engine\App\Graphics\Renderer\SwapChain">
      <UniqueIdentifier>{3175d48d-8551-4fe5-9e4a-20ba153f707c}</UniqueIdentifier>
    </Filter>
    <Filter Include="Engine\App\Graphics\Renderer\VertexBuffer">
      <UniqueIdentifier>{53c8d5b3-12ce-426f-8327-294ef9c4f5cc}</UniqueIdentifier>
    </Filter>
    <Filter Include="Engine\App\Graphics\Renderer\VertexShader">
      <UniqueIdentifier>{7e1f029c-f349-4318-8be1-8fc7482ad22b}</UniqueIdentifier>
    </Filter>
    <Filter Include="Engine\App\Graphics\Renderer\Texture2D">
      <UniqueIdentifier>{786a0fbf-a9ec-4e2e-9f1f-e89d95027476}</UniqueIdentifier>
    </Filter>
    <Filter Include="Engine\App\World">
      <UniqueIdentifier>{0b8806de-eaa6-42e7-89fb-78d76579c280}</UniqueIdentifier>
    </Filter>
    <Filter Include="Engine\App\Display">
      <UniqueIdentifier>{f4bcc7b9-0c02-43e8-bdec-fa8ba378143b}</UniqueIdentifier>
    </Filter>
    <Filter Include="Engine\App\Resource">
      <UniqueIdentifier>{edcf136c-f2b2-4315-b25c-ef55ed045887}</UniqueIdentifier>
    </Filter>
    <Filter Include="Engine\App\Resource\Texture">
      <UniqueIdentifier>{9a34065f-f7db-46b9-8356-8d655212146c}</UniqueIdentifier>
    </Filter>
    <Filter Include="Engine\App\Resource\Mesh">
      <UniqueIdentifier>{5c94d905-bf92-4010-a1f6-f9b7ff852366}</UniqueIdentifier>
    </Filter>
    <Filter Include="Engine\App\Resource\Material">
      <UniqueIdentifier>{65aa310e-7f7e-4353-a523-daeaf32bece4}</UniqueIdentifier>
    </Filter>
    <Filter Include="Engine\App\Resource\Sprite">
      <UniqueIdentifier>{bb556efd-271c-4c3f-af7d-877dc5b48ead}</UniqueIdentifier>
    </Filter>
    <Filter Include="Engine\App\Timer">
      <UniqueIdentifier>{633e1f38-1977-49e2-97d0-008cdcb9da80}</UniqueIdentifier>
    </Filter>
    <Filter Include="Engine\App\Component">
      <UniqueIdentifier>{3f1f8f9e-1f97-4582-b6e9-e21d99237428}</UniqueIdentifier>
    </Filter>
    <Filter Include="Engine\App\Component\TransformComponent">
      <UniqueIdentifier>{c96087d8-0f24-48d4-9c2b-7994598dab17}</UniqueIdentifier>
    </Filter>
    <Filter Include="Engine\App\Component\MeshComponent">
      <UniqueIdentifier>{64a48f37-af82-442c-b58d-cfdfdc049290}</UniqueIdentifier>
    </Filter>
    <Filter Include="Engine\App\Component\CameraComponent">
      <UniqueIdentifier>{899d8241-dfc9-41a2-8bf3-00924d504066}</UniqueIdentifier>
    </Filter>
    <Filter Include="Engine\App\Entity">
      <UniqueIdentifier>{8c0a9b56-5396-422b-9478-fa464d6840b9}</UniqueIdentifier>
    </Filter>
    <Filter Include="Engine\App\Object">
      <UniqueIdentifier>{a148fd53-42c8-445c-881e-5d211f8cc622}</UniqueIdentifier>
    </Filter>
    <Filter Include="Engine\App\Component\LightComponent">
      <UniqueIdentifier>{19f5886c-4913-40ec-959d-80012ead58fa}</UniqueIdentifier>
    </Filter>
    <Filter Include="Engine\Shader">
      <UniqueIdentifier>{103396ba-db9b-45fc-9eee-5d48363bb8e4}</UniqueIdentifier>
    </Filter>
    <Filter Include="Engine\App\Resource\Audio">
      <UniqueIdentifier>{f65fae06-9d98-47dc-b01a-00c581e9d15a}</UniqueIdentifier>
    </Filter>
    <Filter Include="Engine\App\Sound">
      <UniqueIdentifier>{454c0a5d-1a65-4a60-a172-f74ba6c5d760}</UniqueIdentifier>
    </Filter>
    <Filter Include="Engine\App\Component\AudioComponent">
      <UniqueIdentifier>{e9c08396-18b6-48be-9287-95b47f607699}</UniqueIdentifier>
    </Filter>
  </ItemGroup>
  <ItemGroup>
    <ClInclude Include="Renderer.h">
      <Filter>Engine\App\Graphics\Renderer</Filter>
    </ClInclude>
    <ClInclude Include="ConstantBuffer.h">
      <Filter>Engine\App\Graphics\Renderer\ConstantBuffer</Filter>
    </ClInclude>
    <ClInclude Include="IndexBuffer.h">
      <Filter>Engine\App\Graphics\Renderer\IndexBuffer</Filter>
    </ClInclude>
    <ClInclude Include="PixelShader.h">
      <Filter>Engine\App\Graphics\Renderer\PixelShader</Filter>
    </ClInclude>
    <ClInclude Include="SwapChain.h">
      <Filter>Engine\App\Graphics\Renderer\SwapChain</Filter>
    </ClInclude>
    <ClInclude Include="DeviceContext.h">
      <Filter>Engine\App\Graphics\Renderer\DeviceContext</Filter>
    </ClInclude>
    <ClInclude Include="VertexBuffer.h">
      <Filter>Engine\App\Graphics\Renderer\VertexBuffer</Filter>
    </ClInclude>
    <ClInclude Include="VertexShader.h">
      <Filter>Engine\App\Graphics\Renderer\VertexShader</Filter>
    </ClInclude>
    <ClInclude Include="Vector2.h">
      <Filter>Engine\Math\Vector</Filter>
    </ClInclude>
    <ClInclude Include="Vector3.h">
      <Filter>Engine\Math\Vector</Filter>
    </ClInclude>
    <ClInclude Include="Vector4.h">
      <Filter>Engine\Math\Vector</Filter>
    </ClInclude>
    <ClInclude Include="Point.h">
      <Filter>Engine\Math\Point</Filter>
    </ClInclude>
    <ClInclude Include="Matrix4x4.h">
      <Filter>Engine\Math\Matrix</Filter>
    </ClInclude>
    <ClInclude Include="ResourceManager.h">
      <Filter>Engine\App\Resource</Filter>
    </ClInclude>
    <ClInclude Include="Resource.h">
      <Filter>Engine\App\Resource</Filter>
    </ClInclude>
    <ClInclude Include="pch.h">
      <Filter>Precompile</Filter>
    </ClInclude>
    <ClInclude Include="Precompile.h">
      <Filter>Precompile</Filter>
    </ClInclude>
    <ClInclude Include="Mesh.h">
      <Filter>Engine\App\Resource\Mesh</Filter>
    </ClInclude>
    <ClInclude Include="Input.h">
      <Filter>Engine\App\Input</Filter>
    </ClInclude>
    <ClInclude Include="Window.h">
      <Filter>Engine\Window</Filter>
    </ClInclude>
    <ClInclude Include="..\Include\DirectXTex\DirectXTex.h">
      <Filter>Vendor\DirectTex</Filter>
    </ClInclude>
    <ClInclude Include="..\Include\DirectXTK\Audio.h">
      <Filter>Vendor\DirectXTK</Filter>
    </ClInclude>
    <ClInclude Include="..\Include\DirectXTK\BufferHelpers.h">
      <Filter>Vendor\DirectXTK</Filter>
    </ClInclude>
    <ClInclude Include="..\Include\DirectXTK\CommonStates.h">
      <Filter>Vendor\DirectXTK</Filter>
    </ClInclude>
    <ClInclude Include="..\Include\DirectXTK\DDSTextureLoader.h">
      <Filter>Vendor\DirectXTK</Filter>
    </ClInclude>
    <ClInclude Include="..\Include\DirectXTK\DirectXHelpers.h">
      <Filter>Vendor\DirectXTK</Filter>
    </ClInclude>
    <ClInclude Include="..\Include\DirectXTK\Effects.h">
      <Filter>Vendor\DirectXTK</Filter>
    </ClInclude>
    <ClInclude Include="..\Include\DirectXTK\GamePad.h">
      <Filter>Vendor\DirectXTK</Filter>
    </ClInclude>
    <ClInclude Include="..\Include\DirectXTK\GeometricPrimitive.h">
      <Filter>Vendor\DirectXTK</Filter>
    </ClInclude>
    <ClInclude Include="..\Include\DirectXTK\GraphicsMemory.h">
      <Filter>Vendor\DirectXTK</Filter>
    </ClInclude>
    <ClInclude Include="..\Include\DirectXTK\Keyboard.h">
      <Filter>Vendor\DirectXTK</Filter>
    </ClInclude>
    <ClInclude Include="..\Include\DirectXTK\Model.h">
      <Filter>Vendor\DirectXTK</Filter>
    </ClInclude>
    <ClInclude Include="..\Include\DirectXTK\Mouse.h">
      <Filter>Vendor\DirectXTK</Filter>
    </ClInclude>
    <ClInclude Include="..\Include\DirectXTK\PostProcess.h">
      <Filter>Vendor\DirectXTK</Filter>
    </ClInclude>
    <ClInclude Include="..\Include\DirectXTK\PrimitiveBatch.h">
      <Filter>Vendor\DirectXTK</Filter>
    </ClInclude>
    <ClInclude Include="..\Include\DirectXTK\ScreenGrab.h">
      <Filter>Vendor\DirectXTK</Filter>
    </ClInclude>
    <ClInclude Include="..\Include\DirectXTK\SimpleMath.h">
      <Filter>Vendor\DirectXTK</Filter>
    </ClInclude>
    <ClInclude Include="..\Include\DirectXTK\SpriteBatch.h">
      <Filter>Vendor\DirectXTK</Filter>
    </ClInclude>
    <ClInclude Include="..\Include\DirectXTK\SpriteFont.h">
      <Filter>Vendor\DirectXTK</Filter>
    </ClInclude>
    <ClInclude Include="..\Include\DirectXTK\VertexTypes.h">
      <Filter>Vendor\DirectXTK</Filter>
    </ClInclude>
    <ClInclude Include="..\Include\DirectXTK\WICTextureLoader.h">
      <Filter>Vendor\DirectXTK</Filter>
    </ClInclude>
    <ClInclude Include="..\Include\DirectXTK\XboxDDSTextureLoader.h">
      <Filter>Vendor\DirectXTK</Filter>
    </ClInclude>
    <ClInclude Include="..\Include\TinyObjLoader\tiny_obj_loader.h">
      <Filter>Vendor\TinyObjLoader</Filter>
    </ClInclude>
    <ClInclude Include="..\..\Include\RapidJSON\rapidjson.h">
      <Filter>Vendor\RapidJSON</Filter>
    </ClInclude>
    <ClInclude Include="..\..\Include\RapidJSON\reader.h">
      <Filter>Vendor\RapidJSON</Filter>
    </ClInclude>
    <ClInclude Include="..\..\Include\RapidJSON\schema.h">
      <Filter>Vendor\RapidJSON</Filter>
    </ClInclude>
    <ClInclude Include="..\..\Include\RapidJSON\stream.h">
      <Filter>Vendor\RapidJSON</Filter>
    </ClInclude>
    <ClInclude Include="..\..\Include\RapidJSON\stringbuffer.h">
      <Filter>Vendor\RapidJSON</Filter>
    </ClInclude>
    <ClInclude Include="..\..\Include\RapidJSON\uri.h">
      <Filter>Vendor\RapidJSON</Filter>
    </ClInclude>
    <ClInclude Include="..\..\Include\RapidJSON\writer.h">
      <Filter>Vendor\RapidJSON</Filter>
    </ClInclude>
    <ClInclude Include="..\..\Include\RapidJSON\error\en.h">
      <Filter>Vendor\RapidJSON</Filter>
    </ClInclude>
    <ClInclude Include="..\..\Include\RapidJSON\error\error.h">
      <Filter>Vendor\RapidJSON</Filter>
    </ClInclude>
    <ClInclude Include="..\..\Include\RapidJSON\internal\biginteger.h">
      <Filter>Vendor\RapidJSON</Filter>
    </ClInclude>
    <ClInclude Include="..\..\Include\RapidJSON\internal\clzll.h">
      <Filter>Vendor\RapidJSON</Filter>
    </ClInclude>
    <ClInclude Include="..\..\Include\RapidJSON\internal\diyfp.h">
      <Filter>Vendor\RapidJSON</Filter>
    </ClInclude>
    <ClInclude Include="..\..\Include\RapidJSON\internal\dtoa.h">
      <Filter>Vendor\RapidJSON</Filter>
    </ClInclude>
    <ClInclude Include="..\..\Include\RapidJSON\internal\ieee754.h">
      <Filter>Vendor\RapidJSON</Filter>
    </ClInclude>
    <ClInclude Include="..\..\Include\RapidJSON\internal\itoa.h">
      <Filter>Vendor\RapidJSON</Filter>
    </ClInclude>
    <ClInclude Include="..\..\Include\RapidJSON\internal\meta.h">
      <Filter>Vendor\RapidJSON</Filter>
    </ClInclude>
    <ClInclude Include="..\..\Include\RapidJSON\internal\pow10.h">
      <Filter>Vendor\RapidJSON</Filter>
    </ClInclude>
    <ClInclude Include="..\..\Include\RapidJSON\internal\regex.h">
      <Filter>Vendor\RapidJSON</Filter>
    </ClInclude>
    <ClInclude Include="..\..\Include\RapidJSON\internal\stack.h">
      <Filter>Vendor\RapidJSON</Filter>
    </ClInclude>
    <ClInclude Include="..\..\Include\RapidJSON\internal\strfunc.h">
      <Filter>Vendor\RapidJSON</Filter>
    </ClInclude>
    <ClInclude Include="..\..\Include\RapidJSON\internal\strtod.h">
      <Filter>Vendor\RapidJSON</Filter>
    </ClInclude>
    <ClInclude Include="..\..\Include\RapidJSON\internal\swap.h">
      <Filter>Vendor\RapidJSON</Filter>
    </ClInclude>
    <ClInclude Include="..\..\Include\RapidJSON\msinttypes\inttypes.h">
      <Filter>Vendor\RapidJSON</Filter>
    </ClInclude>
    <ClInclude Include="..\..\Include\RapidJSON\msinttypes\stdint.h">
      <Filter>Vendor\RapidJSON</Filter>
    </ClInclude>
    <ClInclude Include="..\..\Include\RapidJSON\allocators.h">
      <Filter>Vendor\RapidJSON</Filter>
    </ClInclude>
    <ClInclude Include="..\..\Include\RapidJSON\cursorstreamwrapper.h">
      <Filter>Vendor\RapidJSON</Filter>
    </ClInclude>
    <ClInclude Include="..\..\Include\RapidJSON\document.h">
      <Filter>Vendor\RapidJSON</Filter>
    </ClInclude>
    <ClInclude Include="..\..\Include\RapidJSON\encodedstream.h">
      <Filter>Vendor\RapidJSON</Filter>
    </ClInclude>
    <ClInclude Include="..\..\Include\RapidJSON\encodings.h">
      <Filter>Vendor\RapidJSON</Filter>
    </ClInclude>
    <ClInclude Include="..\..\Include\RapidJSON\filereadstream.h">
      <Filter>Vendor\RapidJSON</Filter>
    </ClInclude>
    <ClInclude Include="..\..\Include\RapidJSON\filewritestream.h">
      <Filter>Vendor\RapidJSON</Filter>
    </ClInclude>
    <ClInclude Include="..\..\Include\RapidJSON\fwd.h">
      <Filter>Vendor\RapidJSON</Filter>
    </ClInclude>
    <ClInclude Include="..\..\Include\RapidJSON\istreamwrapper.h">
      <Filter>Vendor\RapidJSON</Filter>
    </ClInclude>
    <ClInclude Include="..\..\Include\RapidJSON\memorybuffer.h">
      <Filter>Vendor\RapidJSON</Filter>
    </ClInclude>
    <ClInclude Include="..\..\Include\RapidJSON\memorystream.h">
      <Filter>Vendor\RapidJSON</Filter>
    </ClInclude>
    <ClInclude Include="..\..\Include\RapidJSON\ostreamwrapper.h">
      <Filter>Vendor\RapidJSON</Filter>
    </ClInclude>
    <ClInclude Include="..\..\Include\RapidJSON\pointer.h">
      <Filter>Vendor\RapidJSON</Filter>
    </ClInclude>
    <ClInclude Include="..\..\Include\RapidJSON\prettywriter.h">
      <Filter>Vendor\RapidJSON</Filter>
    </ClInclude>
    <ClInclude Include="Timer.h">
      <Filter>Engine\App\Timer</Filter>
    </ClInclude>
    <ClInclude Include="VertexMesh.h">
      <Filter>Engine\Math\VertexMesh</Filter>
    </ClInclude>
    <ClInclude Include="Material.h">
      <Filter>Engine\App\Resource\Material</Filter>
    </ClInclude>
    <ClInclude Include="Sprite.h">
      <Filter>Engine\App\Resource\Sprite</Filter>
    </ClInclude>
    <ClInclude Include="MathUtils.h">
      <Filter>Engine\Math</Filter>
    </ClInclude>
    <ClInclude Include="Rect.h">
      <Filter>Engine\Math\Rect</Filter>
    </ClInclude>
    <ClInclude Include="Audio.h">
      <Filter>Engine\App\Resource\Audio</Filter>
    </ClInclude>
    <ClInclude Include="Texture.h">
      <Filter>Engine\App\Resource\Texture</Filter>
    </ClInclude>
    <ClInclude Include="Texture2D.h">
      <Filter>Engine\App\Graphics\Renderer\Texture2D</Filter>
    </ClInclude>
    <ClInclude Include="Display.h">
      <Filter>Engine\App\Display</Filter>
    </ClInclude>
    <ClInclude Include="App.h">
      <Filter>Engine\App</Filter>
    </ClInclude>
    <ClInclude Include="World.h">
      <Filter>Engine\App\World</Filter>
    </ClInclude>
    <ClInclude Include="Entity.h">
      <Filter>Engine\App\Entity</Filter>
    </ClInclude>
    <ClInclude Include="Object.h">
      <Filter>Engine\App\Object</Filter>
    </ClInclude>
    <ClInclude Include="Component.h">
      <Filter>Engine\App\Component</Filter>
    </ClInclude>
    <ClInclude Include="TransformComponent.h">
      <Filter>Engine\App\Component\TransformComponent</Filter>
    </ClInclude>
    <ClInclude Include="MeshComponent.h">
      <Filter>Engine\App\Component\MeshComponent</Filter>
    </ClInclude>
    <ClInclude Include="Graphics.h">
      <Filter>Engine\App\Graphics</Filter>
    </ClInclude>
    <ClInclude Include="CameraComponent.h">
      <Filter>Engine\App\Component\CameraComponent</Filter>
    </ClInclude>
    <ClInclude Include="LightComponent.h">
      <Filter>Engine\App\Component\LightComponent</Filter>
    </ClInclude>
    <ClInclude Include="..\..\Include\ImGui\imstb_truetype.h">
      <Filter>Vendor\ImGui</Filter>
    </ClInclude>
    <ClInclude Include="..\..\Include\ImGui\imconfig.h">
      <Filter>Vendor\ImGui</Filter>
    </ClInclude>
    <ClInclude Include="..\..\Include\ImGui\imgui.h">
      <Filter>Vendor\ImGui</Filter>
    </ClInclude>
    <ClInclude Include="..\..\Include\ImGui\imgui_impl_dx11.h">
      <Filter>Vendor\ImGui</Filter>
    </ClInclude>
    <ClInclude Include="..\..\Include\ImGui\imgui_impl_win32.h">
      <Filter>Vendor\ImGui</Filter>
    </ClInclude>
    <ClInclude Include="..\..\Include\ImGui\imgui_internal.h">
      <Filter>Vendor\ImGui</Filter>
    </ClInclude>
    <ClInclude Include="..\..\Include\ImGui\imstb_rectpack.h">
      <Filter>Vendor\ImGui</Filter>
    </ClInclude>
    <ClInclude Include="..\..\Include\ImGui\imstb_textedit.h">
      <Filter>Vendor\ImGui</Filter>
    </ClInclude>
    <ClInclude Include="AudioComponent.h">
      <Filter>Engine\App\Component\AudioComponent</Filter>
    </ClInclude>
    <ClInclude Include="Sound.h">
      <Filter>Engine\App\Sound</Filter>
    </ClInclude>
  </ItemGroup>
  <ItemGroup>
    <ClCompile Include="Renderer.cpp">
      <Filter>Engine\App\Graphics\Renderer</Filter>
    </ClCompile>
    <ClCompile Include="ConstantBuffer.cpp">
      <Filter>Engine\App\Graphics\Renderer\ConstantBuffer</Filter>
    </ClCompile>
    <ClCompile Include="IndexBuffer.cpp">
      <Filter>Engine\App\Graphics\Renderer\IndexBuffer</Filter>
    </ClCompile>
    <ClCompile Include="PixelShader.cpp">
      <Filter>Engine\App\Graphics\Renderer\PixelShader</Filter>
    </ClCompile>
    <ClCompile Include="SwapChain.cpp">
      <Filter>Engine\App\Graphics\Renderer\SwapChain</Filter>
    </ClCompile>
    <ClCompile Include="DeviceContext.cpp">
      <Filter>Engine\App\Graphics\Renderer\DeviceContext</Filter>
    </ClCompile>
    <ClCompile Include="VertexBuffer.cpp">
      <Filter>Engine\App\Graphics\Renderer\VertexBuffer</Filter>
    </ClCompile>
    <ClCompile Include="VertexShader.cpp">
      <Filter>Engine\App\Graphics\Renderer\VertexShader</Filter>
    </ClCompile>
    <ClCompile Include="Vector2.cpp">
      <Filter>Engine\Math\Vector</Filter>
    </ClCompile>
    <ClCompile Include="Vector3.cpp">
      <Filter>Engine\Math\Vector</Filter>
    </ClCompile>
    <ClCompile Include="Vector4.cpp">
      <Filter>Engine\Math\Vector</Filter>
    </ClCompile>
    <ClCompile Include="Point.cpp">
      <Filter>Engine\Math\Point</Filter>
    </ClCompile>
    <ClCompile Include="Matrix4x4.cpp">
      <Filter>Engine\Math\Matrix</Filter>
    </ClCompile>
    <ClCompile Include="Resource.cpp">
      <Filter>Engine\App\Resource</Filter>
    </ClCompile>
    <ClCompile Include="ResourceManager.cpp">
      <Filter>Engine\App\Resource</Filter>
    </ClCompile>
    <ClCompile Include="pch.cpp">
      <Filter>Precompile</Filter>
    </ClCompile>
    <ClCompile Include="Mesh.cpp">
      <Filter>Engine\App\Resource\Mesh</Filter>
    </ClCompile>
    <ClCompile Include="Input.cpp">
      <Filter>Engine\App\Input</Filter>
    </ClCompile>
    <ClCompile Include="Window.cpp">
      <Filter>Engine\Window</Filter>
    </ClCompile>
    <ClCompile Include="Timer.cpp">
      <Filter>Engine\App\Timer</Filter>
    </ClCompile>
    <ClCompile Include="VertexMesh.cpp">
      <Filter>Engine\Math\VertexMesh</Filter>
    </ClCompile>
    <ClCompile Include="Material.cpp">
      <Filter>Engine\App\Resource\Material</Filter>
    </ClCompile>
    <ClCompile Include="Sprite.cpp">
      <Filter>Engine\App\Resource\Sprite</Filter>
    </ClCompile>
    <ClCompile Include="Rect.cpp">
      <Filter>Engine\Math\Rect</Filter>
    </ClCompile>
    <ClCompile Include="Audio.cpp">
      <Filter>Engine\App\Resource\Audio</Filter>
    </ClCompile>
    <ClCompile Include="Texture.cpp">
      <Filter>Engine\App\Resource\Texture</Filter>
    </ClCompile>
    <ClCompile Include="Texture2D.cpp">
      <Filter>Engine\App\Graphics\Renderer\Texture2D</Filter>
    </ClCompile>
    <ClCompile Include="Display.cpp">
      <Filter>Engine\App\Display</Filter>
    </ClCompile>
    <ClCompile Include="App.cpp">
      <Filter>Engine\App</Filter>
    </ClCompile>
    <ClCompile Include="World.cpp">
      <Filter>Engine\App\World</Filter>
    </ClCompile>
    <ClCompile Include="Entity.cpp">
      <Filter>Engine\App\Entity</Filter>
    </ClCompile>
    <ClCompile Include="Graphics.cpp">
      <Filter>Engine\App\Graphics</Filter>
    </ClCompile>
    <ClCompile Include="Object.cpp">
      <Filter>Engine\App\Object</Filter>
    </ClCompile>
    <ClCompile Include="Component.cpp">
      <Filter>Engine\App\Component</Filter>
    </ClCompile>
    <ClCompile Include="TransformComponent.cpp">
      <Filter>Engine\App\Component\TransformComponent</Filter>
    </ClCompile>
    <ClCompile Include="MeshComponent.cpp">
      <Filter>Engine\App\Component\MeshComponent</Filter>
    </ClCompile>
    <ClCompile Include="CameraComponent.cpp">
      <Filter>Engine\App\Component\CameraComponent</Filter>
    </ClCompile>
    <ClCompile Include="LightComponent.cpp">
      <Filter>Engine\App\Component\LightComponent</Filter>
    </ClCompile>
    <ClCompile Include="..\..\Include\ImGui\imgui.cpp">
      <Filter>Vendor\ImGui</Filter>
    </ClCompile>
    <ClCompile Include="..\..\Include\ImGui\imgui_draw.cpp">
      <Filter>Vendor\ImGui</Filter>
    </ClCompile>
    <ClCompile Include="..\..\Include\ImGui\imgui_impl_dx11.cpp">
      <Filter>Vendor\ImGui</Filter>
    </ClCompile>
    <ClCompile Include="..\..\Include\ImGui\imgui_impl_win32.cpp">
      <Filter>Vendor\ImGui</Filter>
    </ClCompile>
    <ClCompile Include="..\..\Include\ImGui\imgui_tables.cpp">
      <Filter>Vendor\ImGui</Filter>
    </ClCompile>
    <ClCompile Include="..\..\Include\ImGui\imgui_widgets.cpp">
      <Filter>Vendor\ImGui</Filter>
    </ClCompile>
    <ClCompile Include="AudioComponent.cpp">
      <Filter>Engine\App\Component\AudioComponent</Filter>
    </ClCompile>
    <ClCompile Include="Sound.cpp">
      <Filter>Engine\App\Sound</Filter>
    </ClCompile>
  </ItemGroup>
  <ItemGroup>
    <None Include="SkyBox.hlsl">
      <Filter>Engine\Shader</Filter>
    </None>
    <None Include="Material.hlsl">
      <Filter>Engine\Shader</Filter>
    </None>
  </ItemGroup>
</Project>